
Microsoft Visual Studio Solution File, Format Version 12.00
# Visual Studio 14
VisualStudioVersion = 14.0.25420.1
MinimumVisualStudioVersion = 10.0.40219.1
Project("{FAE04EC0-301F-11D3-BF4B-00C04F79EFBC}") = "Kontur.GameStats.Server", "Kontur.GameStats.Server\Kontur.GameStats.Server.csproj", "{D0D79B41-39D6-496A-B74A-C8DFDDF4D7B8}"
EndProject
Project("{FAE04EC0-301F-11D3-BF4B-00C04F79EFBC}") = "Kontur.GameStats.Server.Tests", "Kontur.GameStats.Server.Tests\Kontur.GameStats.Server.Tests.csproj", "{F862F963-1754-45CB-A788-8EC7A6C9B315}"
EndProject
Global
	GlobalSection(SolutionConfigurationPlatforms) = preSolution
		Debug|Any CPU = Debug|Any CPU
		Debug|x64 = Debug|x64
		Release|Any CPU = Release|Any CPU
		Release|x64 = Release|x64
	EndGlobalSection
	GlobalSection(ProjectConfigurationPlatforms) = postSolution
		{D0D79B41-39D6-496A-B74A-C8DFDDF4D7B8}.Debug|Any CPU.ActiveCfg = Debug|Any CPU
		{D0D79B41-39D6-496A-B74A-C8DFDDF4D7B8}.Debug|Any CPU.Build.0 = Debug|Any CPU
		{D0D79B41-39D6-496A-B74A-C8DFDDF4D7B8}.Debug|x64.ActiveCfg = Debug|Any CPU
		{D0D79B41-39D6-496A-B74A-C8DFDDF4D7B8}.Debug|x64.Build.0 = Debug|Any CPU
		{D0D79B41-39D6-496A-B74A-C8DFDDF4D7B8}.Release|Any CPU.ActiveCfg = Release|Any CPU
		{D0D79B41-39D6-496A-B74A-C8DFDDF4D7B8}.Release|Any CPU.Build.0 = Release|Any CPU
		{D0D79B41-39D6-496A-B74A-C8DFDDF4D7B8}.Release|x64.ActiveCfg = Release|x64
		{D0D79B41-39D6-496A-B74A-C8DFDDF4D7B8}.Release|x64.Build.0 = Release|x64
		{F862F963-1754-45CB-A788-8EC7A6C9B315}.Debug|Any CPU.ActiveCfg = Debug|Any CPU
		{F862F963-1754-45CB-A788-8EC7A6C9B315}.Debug|Any CPU.Build.0 = Debug|Any CPU
		{F862F963-1754-45CB-A788-8EC7A6C9B315}.Debug|x64.ActiveCfg = Debug|Any CPU
		{F862F963-1754-45CB-A788-8EC7A6C9B315}.Debug|x64.Build.0 = Debug|Any CPU
		{F862F963-1754-45CB-A788-8EC7A6C9B315}.Release|Any CPU.ActiveCfg = Release|Any CPU
		{F862F963-1754-45CB-A788-8EC7A6C9B315}.Release|Any CPU.Build.0 = Release|Any CPU
		{F862F963-1754-45CB-A788-8EC7A6C9B315}.Release|x64.ActiveCfg = Release|Any CPU
		{F862F963-1754-45CB-A788-8EC7A6C9B315}.Release|x64.Build.0 = Release|Any CPU
	EndGlobalSection
	GlobalSection(SolutionProperties) = preSolution
		HideSolutionNode = FALSE
	EndGlobalSection
EndGlobal
